
Microsoft Visual Studio Solution File, Format Version 12.00
# Visual Studio Version 17
VisualStudioVersion = 17.10.35027.167
MinimumVisualStudioVersion = 10.0.40219.1
Project("{FAE04EC0-301F-11D3-BF4B-00C04F79EFBC}") = "pryBonaviaReciclaje", "pryBonaviaReciclaje\pryBonaviaReciclaje.csproj", "{60228189-9F4F-44F3-B73B-2C0C2462D017}"
EndProject
Global
	GlobalSection(SolutionConfigurationPlatforms) = preSolution
		Debug|Any CPU = Debug|Any CPU
		Release|Any CPU = Release|Any CPU
	EndGlobalSection
	GlobalSection(ProjectConfigurationPlatforms) = postSolution
		{60228189-9F4F-44F3-B73B-2C0C2462D017}.Debug|Any CPU.ActiveCfg = Debug|Any CPU
		{60228189-9F4F-44F3-B73B-2C0C2462D017}.Debug|Any CPU.Build.0 = Debug|Any CPU
		{60228189-9F4F-44F3-B73B-2C0C2462D017}.Release|Any CPU.ActiveCfg = Release|Any CPU
		{60228189-9F4F-44F3-B73B-2C0C2462D017}.Release|Any CPU.Build.0 = Release|Any CPU
	EndGlobalSection
	GlobalSection(SolutionProperties) = preSolution
		HideSolutionNode = FALSE
	EndGlobalSection
	GlobalSection(ExtensibilityGlobals) = postSolution
		SolutionGuid = {2E59100C-7397-4A76-B19C-ADE92D8D0CCD}
	EndGlobalSection
EndGlobal
